// !$*UTF8*$!
{
	archiveVersion = 1;
	classes = {
	};
	objectVersion = 77;
	objects = {

/* Begin PBXContainerItemProxy section */
		F8396CA12D09590200FC4040 /* PBXContainerItemProxy */ = {
			isa = PBXContainerItemProxy;
			containerPortal = F8396C832D09590000FC4040 /* Project object */;
			proxyType = 1;
			remoteGlobalIDString = F8396C8A2D09590000FC4040;
			remoteInfo = TVSearch;
		};
		F8396CAB2D09590200FC4040 /* PBXContainerItemProxy */ = {
			isa = PBXContainerItemProxy;
			containerPortal = F8396C832D09590000FC4040 /* Project object */;
			proxyType = 1;
			remoteGlobalIDString = F8396C8A2D09590000FC4040;
			remoteInfo = TVSearch;
		};
/* End PBXContainerItemProxy section */

/* Begin PBXFileReference section */
		F8396C8B2D09590000FC4040 /* TVSearch.app */ = {isa = PBXFileReference; explicitFileType = wrapper.application; includeInIndex = 0; path = TVSearch.app; sourceTree = BUILT_PRODUCTS_DIR; };
		F8396CA02D09590200FC4040 /* TVSearchTests.xctest */ = {isa = PBXFileReference; explicitFileType = wrapper.cfbundle; includeInIndex = 0; path = TVSearchTests.xctest; sourceTree = BUILT_PRODUCTS_DIR; };
		F8396CAA2D09590200FC4040 /* TVSearchUITests.xctest */ = {isa = PBXFileReference; explicitFileType = wrapper.cfbundle; includeInIndex = 0; path = TVSearchUITests.xctest; sourceTree = BUILT_PRODUCTS_DIR; };
/* End PBXFileReference section */

/* Begin PBXFileSystemSynchronizedBuildFileExceptionSet section */
		F8396D5D2D0BE27400FC4040 /* Exceptions for "TVSearch" folder in "TVSearchTests" target */ = {
			isa = PBXFileSystemSynchronizedBuildFileExceptionSet;
			membershipExceptions = (
				UI/Home/Views/EmptyResultsView.swift,
				UI/Home/Views/GenreHeaderView.swift,
				UI/Home/Views/GenreSectionView.swift,
				UI/Home/Views/ShowCardView.swift,
				UI/Home/Views/ShowListView.swift,
				"UI/Resources/Preview Content/MockService.swift",
			);
			target = F8396C9F2D09590200FC4040 /* TVSearchTests */;
		};
		F8396D5F2D0BFC4400FC4040 /* Exceptions for "TVSearch" folder in "TVSearch" target */ = {
			isa = PBXFileSystemSynchronizedBuildFileExceptionSet;
			membershipExceptions = (
				Info.plist,
			);
			target = F8396C8A2D09590000FC4040 /* TVSearch */;
		};
/* End PBXFileSystemSynchronizedBuildFileExceptionSet section */

/* Begin PBXFileSystemSynchronizedRootGroup section */
		F8396C8D2D09590000FC4040 /* TVSearch */ = {
			isa = PBXFileSystemSynchronizedRootGroup;
			exceptions = (
				F8396D5F2D0BFC4400FC4040 /* Exceptions for "TVSearch" folder in "TVSearch" target */,
				F8396D5D2D0BE27400FC4040 /* Exceptions for "TVSearch" folder in "TVSearchTests" target */,
			);
			path = TVSearch;
			sourceTree = "<group>";
		};
		F8396CA32D09590200FC4040 /* TVSearchTests */ = {
			isa = PBXFileSystemSynchronizedRootGroup;
			path = TVSearchTests;
			sourceTree = "<group>";
		};
		F8396CAD2D09590200FC4040 /* TVSearchUITests */ = {
			isa = PBXFileSystemSynchronizedRootGroup;
			path = TVSearchUITests;
			sourceTree = "<group>";
		};
/* End PBXFileSystemSynchronizedRootGroup section */

/* Begin PBXFrameworksBuildPhase section */
		F8396C882D09590000FC4040 /* Frameworks */ = {
			isa = PBXFrameworksBuildPhase;
			buildActionMask = 2147483647;
			files = (
			);
			runOnlyForDeploymentPostprocessing = 0;
		};
		F8396C9D2D09590200FC4040 /* Frameworks */ = {
			isa = PBXFrameworksBuildPhase;
			buildActionMask = 2147483647;
			files = (
			);
			runOnlyForDeploymentPostprocessing = 0;
		};
		F8396CA72D09590200FC4040 /* Frameworks */ = {
			isa = PBXFrameworksBuildPhase;
			buildActionMask = 2147483647;
			files = (
			);
			runOnlyForDeploymentPostprocessing = 0;
		};
/* End PBXFrameworksBuildPhase section */

/* Begin PBXGroup section */
		F8396C822D09590000FC4040 = {
			isa = PBXGroup;
			children = (
				F8396C8D2D09590000FC4040 /* TVSearch */,
				F8396CA32D09590200FC4040 /* TVSearchTests */,
				F8396CAD2D09590200FC4040 /* TVSearchUITests */,
				F8396C8C2D09590000FC4040 /* Products */,
			);
			sourceTree = "<group>";
		};
		F8396C8C2D09590000FC4040 /* Products */ = {
			isa = PBXGroup;
			children = (
				F8396C8B2D09590000FC4040 /* TVSearch.app */,
				F8396CA02D09590200FC4040 /* TVSearchTests.xctest */,
				F8396CAA2D09590200FC4040 /* TVSearchUITests.xctest */,
			);
			name = Products;
			sourceTree = "<group>";
		};
/* End PBXGroup section */

/* Begin PBXNativeTarget section */
		F8396C8A2D09590000FC4040 /* TVSearch */ = {
			isa = PBXNativeTarget;
			buildConfigurationList = F8396CB42D09590200FC4040 /* Build configuration list for PBXNativeTarget "TVSearch" */;
			buildPhases = (
				F8396C872D09590000FC4040 /* Sources */,
				F8396C882D09590000FC4040 /* Frameworks */,
				F8396C892D09590000FC4040 /* Resources */,
			);
			buildRules = (
			);
			dependencies = (
			);
			fileSystemSynchronizedGroups = (
				F8396C8D2D09590000FC4040 /* TVSearch */,
			);
			name = TVSearch;
			packageProductDependencies = (
			);
			productName = TVSearch;
			productReference = F8396C8B2D09590000FC4040 /* TVSearch.app */;
			productType = "com.apple.product-type.application";
		};
		F8396C9F2D09590200FC4040 /* TVSearchTests */ = {
			isa = PBXNativeTarget;
			buildConfigurationList = F8396CB72D09590200FC4040 /* Build configuration list for PBXNativeTarget "TVSearchTests" */;
			buildPhases = (
				F8396C9C2D09590200FC4040 /* Sources */,
				F8396C9D2D09590200FC4040 /* Frameworks */,
				F8396C9E2D09590200FC4040 /* Resources */,
			);
			buildRules = (
			);
			dependencies = (
				F8396CA22D09590200FC4040 /* PBXTargetDependency */,
			);
			fileSystemSynchronizedGroups = (
				F8396CA32D09590200FC4040 /* TVSearchTests */,
			);
			name = TVSearchTests;
			packageProductDependencies = (
			);
			productName = TVSearchTests;
			productReference = F8396CA02D09590200FC4040 /* TVSearchTests.xctest */;
			productType = "com.apple.product-type.bundle.unit-test";
		};
		F8396CA92D09590200FC4040 /* TVSearchUITests */ = {
			isa = PBXNativeTarget;
			buildConfigurationList = F8396CBA2D09590200FC4040 /* Build configuration list for PBXNativeTarget "TVSearchUITests" */;
			buildPhases = (
				F8396CA62D09590200FC4040 /* Sources */,
				F8396CA72D09590200FC4040 /* Frameworks */,
				F8396CA82D09590200FC4040 /* Resources */,
			);
			buildRules = (
			);
			dependencies = (
				F8396CAC2D09590200FC4040 /* PBXTargetDependency */,
			);
			fileSystemSynchronizedGroups = (
				F8396CAD2D09590200FC4040 /* TVSearchUITests */,
			);
			name = TVSearchUITests;
			packageProductDependencies = (
			);
			productName = TVSearchUITests;
			productReference = F8396CAA2D09590200FC4040 /* TVSearchUITests.xctest */;
			productType = "com.apple.product-type.bundle.ui-testing";
		};
/* End PBXNativeTarget section */

/* Begin PBXProject section */
		F8396C832D09590000FC4040 /* Project object */ = {
			isa = PBXProject;
			attributes = {
				BuildIndependentTargetsInParallel = 1;
				LastSwiftUpdateCheck = 1600;
				LastUpgradeCheck = 1600;
				TargetAttributes = {
					F8396C8A2D09590000FC4040 = {
						CreatedOnToolsVersion = 16.0;
					};
					F8396C9F2D09590200FC4040 = {
						CreatedOnToolsVersion = 16.0;
						TestTargetID = F8396C8A2D09590000FC4040;
					};
					F8396CA92D09590200FC4040 = {
						CreatedOnToolsVersion = 16.0;
						TestTargetID = F8396C8A2D09590000FC4040;
					};
				};
			};
			buildConfigurationList = F8396C862D09590000FC4040 /* Build configuration list for PBXProject "TVSearch" */;
			developmentRegion = en;
			hasScannedForEncodings = 0;
			knownRegions = (
				en,
				Base,
			);
			mainGroup = F8396C822D09590000FC4040;
			minimizedProjectReferenceProxies = 1;
			preferredProjectObjectVersion = 77;
			productRefGroup = F8396C8C2D09590000FC4040 /* Products */;
			projectDirPath = "";
			projectRoot = "";
			targets = (
				F8396C8A2D09590000FC4040 /* TVSearch */,
				F8396C9F2D09590200FC4040 /* TVSearchTests */,
				F8396CA92D09590200FC4040 /* TVSearchUITests */,
			);
		};
/* End PBXProject section */

/* Begin PBXResourcesBuildPhase section */
		F8396C892D09590000FC4040 /* Resources */ = {
			isa = PBXResourcesBuildPhase;
			buildActionMask = 2147483647;
			files = (
			);
			runOnlyForDeploymentPostprocessing = 0;
		};
		F8396C9E2D09590200FC4040 /* Resources */ = {
			isa = PBXResourcesBuildPhase;
			buildActionMask = 2147483647;
			files = (
			);
			runOnlyForDeploymentPostprocessing = 0;
		};
		F8396CA82D09590200FC4040 /* Resources */ = {
			isa = PBXResourcesBuildPhase;
			buildActionMask = 2147483647;
			files = (
			);
			runOnlyForDeploymentPostprocessing = 0;
		};
/* End PBXResourcesBuildPhase section */

/* Begin PBXSourcesBuildPhase section */
		F8396C872D09590000FC4040 /* Sources */ = {
			isa = PBXSourcesBuildPhase;
			buildActionMask = 2147483647;
			files = (
			);
			runOnlyForDeploymentPostprocessing = 0;
		};
		F8396C9C2D09590200FC4040 /* Sources */ = {
			isa = PBXSourcesBuildPhase;
			buildActionMask = 2147483647;
			files = (
			);
			runOnlyForDeploymentPostprocessing = 0;
		};
		F8396CA62D09590200FC4040 /* Sources */ = {
			isa = PBXSourcesBuildPhase;
			buildActionMask = 2147483647;
			files = (
			);
			runOnlyForDeploymentPostprocessing = 0;
		};
/* End PBXSourcesBuildPhase section */

/* Begin PBXTargetDependency section */
		F8396CA22D09590200FC4040 /* PBXTargetDependency */ = {
			isa = PBXTargetDependency;
			target = F8396C8A2D09590000FC4040 /* TVSearch */;
			targetProxy = F8396CA12D09590200FC4040 /* PBXContainerItemProxy */;
		};
		F8396CAC2D09590200FC4040 /* PBXTargetDependency */ = {
			isa = PBXTargetDependency;
			target = F8396C8A2D09590000FC4040 /* TVSearch */;
			targetProxy = F8396CAB2D09590200FC4040 /* PBXContainerItemProxy */;
		};
/* End PBXTargetDependency section */

/* Begin XCBuildConfiguration section */
		F8396CB22D09590200FC4040 /* Debug */ = {
			isa = XCBuildConfiguration;
			buildSettings = {
				ALWAYS_SEARCH_USER_PATHS = NO;
				ASSETCATALOG_COMPILER_GENERATE_SWIFT_ASSET_SYMBOL_EXTENSIONS = YES;
				CLANG_ANALYZER_NONNULL = YES;
				CLANG_ANALYZER_NUMBER_OBJECT_CONVERSION = YES_AGGRESSIVE;
				CLANG_CXX_LANGUAGE_STANDARD = "gnu++20";
				CLANG_ENABLE_MODULES = YES;
				CLANG_ENABLE_OBJC_ARC = YES;
				CLANG_ENABLE_OBJC_WEAK = YES;
				CLANG_WARN_BLOCK_CAPTURE_AUTORELEASING = YES;
				CLANG_WARN_BOOL_CONVERSION = YES;
				CLANG_WARN_COMMA = YES;
				CLANG_WARN_CONSTANT_CONVERSION = YES;
				CLANG_WARN_DEPRECATED_OBJC_IMPLEMENTATIONS = YES;
				CLANG_WARN_DIRECT_OBJC_ISA_USAGE = YES_ERROR;
				CLANG_WARN_DOCUMENTATION_COMMENTS = YES;
				CLANG_WARN_EMPTY_BODY = YES;
				CLANG_WARN_ENUM_CONVERSION = YES;
				CLANG_WARN_INFINITE_RECURSION = YES;
				CLANG_WARN_INT_CONVERSION = YES;
				CLANG_WARN_NON_LITERAL_NULL_CONVERSION = YES;
				CLANG_WARN_OBJC_IMPLICIT_RETAIN_SELF = YES;
				CLANG_WARN_OBJC_LITERAL_CONVERSION = YES;
				CLANG_WARN_OBJC_ROOT_CLASS = YES_ERROR;
				CLANG_WARN_QUOTED_INCLUDE_IN_FRAMEWORK_HEADER = YES;
				CLANG_WARN_RANGE_LOOP_ANALYSIS = YES;
				CLANG_WARN_STRICT_PROTOTYPES = YES;
				CLANG_WARN_SUSPICIOUS_MOVE = YES;
				CLANG_WARN_UNGUARDED_AVAILABILITY = YES_AGGRESSIVE;
				CLANG_WARN_UNREACHABLE_CODE = YES;
				CLANG_WARN__DUPLICATE_METHOD_MATCH = YES;
				COPY_PHASE_STRIP = NO;
				DEBUG_INFORMATION_FORMAT = dwarf;
				ENABLE_STRICT_OBJC_MSGSEND = YES;
				ENABLE_TESTABILITY = YES;
				ENABLE_USER_SCRIPT_SANDBOXING = YES;
				GCC_C_LANGUAGE_STANDARD = gnu17;
				GCC_DYNAMIC_NO_PIC = NO;
				GCC_NO_COMMON_BLOCKS = YES;
				GCC_OPTIMIZATION_LEVEL = 0;
				GCC_PREPROCESSOR_DEFINITIONS = (
					"DEBUG=1",
					"$(inherited)",
				);
				GCC_WARN_64_TO_32_BIT_CONVERSION = YES;
				GCC_WARN_ABOUT_RETURN_TYPE = YES_ERROR;
				GCC_WARN_UNDECLARED_SELECTOR = YES;
				GCC_WARN_UNINITIALIZED_AUTOS = YES_AGGRESSIVE;
				GCC_WARN_UNUSED_FUNCTION = YES;
				GCC_WARN_UNUSED_VARIABLE = YES;
				IPHONEOS_DEPLOYMENT_TARGET = 18.0;
				LOCALIZATION_PREFERS_STRING_CATALOGS = YES;
				MTL_ENABLE_DEBUG_INFO = INCLUDE_SOURCE;
				MTL_FAST_MATH = YES;
				ONLY_ACTIVE_ARCH = YES;
				SDKROOT = iphoneos;
				SWIFT_ACTIVE_COMPILATION_CONDITIONS = "DEBUG $(inherited)";
				SWIFT_OPTIMIZATION_LEVEL = "-Onone";
			};
			name = Debug;
		};
		F8396CB32D09590200FC4040 /* Release */ = {
			isa = XCBuildConfiguration;
			buildSettings = {
				ALWAYS_SEARCH_USER_PATHS = NO;
				ASSETCATALOG_COMPILER_GENERATE_SWIFT_ASSET_SYMBOL_EXTENSIONS = YES;
				CLANG_ANALYZER_NONNULL = YES;
				CLANG_ANALYZER_NUMBER_OBJECT_CONVERSION = YES_AGGRESSIVE;
				CLANG_CXX_LANGUAGE_STANDARD = "gnu++20";
				CLANG_ENABLE_MODULES = YES;
				CLANG_ENABLE_OBJC_ARC = YES;
				CLANG_ENABLE_OBJC_WEAK = YES;
				CLANG_WARN_BLOCK_CAPTURE_AUTORELEASING = YES;
				CLANG_WARN_BOOL_CONVERSION = YES;
				CLANG_WARN_COMMA = YES;
				CLANG_WARN_CONSTANT_CONVERSION = YES;
				CLANG_WARN_DEPRECATED_OBJC_IMPLEMENTATIONS = YES;
				CLANG_WARN_DIRECT_OBJC_ISA_USAGE = YES_ERROR;
				CLANG_WARN_DOCUMENTATION_COMMENTS = YES;
				CLANG_WARN_EMPTY_BODY = YES;
				CLANG_WARN_ENUM_CONVERSION = YES;
				CLANG_WARN_INFINITE_RECURSION = YES;
				CLANG_WARN_INT_CONVERSION = YES;
				CLANG_WARN_NON_LITERAL_NULL_CONVERSION = YES;
				CLANG_WARN_OBJC_IMPLICIT_RETAIN_SELF = YES;
				CLANG_WARN_OBJC_LITERAL_CONVERSION = YES;
				CLANG_WARN_OBJC_ROOT_CLASS = YES_ERROR;
				CLANG_WARN_QUOTED_INCLUDE_IN_FRAMEWORK_HEADER = YES;
				CLANG_WARN_RANGE_LOOP_ANALYSIS = YES;
				CLANG_WARN_STRICT_PROTOTYPES = YES;
				CLANG_WARN_SUSPICIOUS_MOVE = YES;
				CLANG_WARN_UNGUARDED_AVAILABILITY = YES_AGGRESSIVE;
				CLANG_WARN_UNREACHABLE_CODE = YES;
				CLANG_WARN__DUPLICATE_METHOD_MATCH = YES;
				COPY_PHASE_STRIP = NO;
				DEBUG_INFORMATION_FORMAT = "dwarf-with-dsym";
				ENABLE_NS_ASSERTIONS = NO;
				ENABLE_STRICT_OBJC_MSGSEND = YES;
				ENABLE_USER_SCRIPT_SANDBOXING = YES;
				GCC_C_LANGUAGE_STANDARD = gnu17;
				GCC_NO_COMMON_BLOCKS = YES;
				GCC_WARN_64_TO_32_BIT_CONVERSION = YES;
				GCC_WARN_ABOUT_RETURN_TYPE = YES_ERROR;
				GCC_WARN_UNDECLARED_SELECTOR = YES;
				GCC_WARN_UNINITIALIZED_AUTOS = YES_AGGRESSIVE;
				GCC_WARN_UNUSED_FUNCTION = YES;
				GCC_WARN_UNUSED_VARIABLE = YES;
				IPHONEOS_DEPLOYMENT_TARGET = 18.0;
				LOCALIZATION_PREFERS_STRING_CATALOGS = YES;
				MTL_ENABLE_DEBUG_INFO = NO;
				MTL_FAST_MATH = YES;
				SDKROOT = iphoneos;
				SWIFT_COMPILATION_MODE = wholemodule;
				VALIDATE_PRODUCT = YES;
			};
			name = Release;
		};
		F8396CB52D09590200FC4040 /* Debug */ = {
			isa = XCBuildConfiguration;
			buildSettings = {
				ASSETCATALOG_COMPILER_APPICON_NAME = AppIcon;
				ASSETCATALOG_COMPILER_GLOBAL_ACCENT_COLOR_NAME = AccentColor;
				BASE_URL = "https://api.tvmaze.com/";
				CODE_SIGN_STYLE = Automatic;
				CURRENT_PROJECT_VERSION = 1;
				DEVELOPMENT_ASSET_PATHS = "\"TVSearch/UI/Resources/Preview Content\"";
				DEVELOPMENT_TEAM = 9HKUVL2QGT;
				ENABLE_PREVIEWS = YES;
				GENERATE_INFOPLIST_FILE = YES;
				INFOPLIST_FILE = TVSearch/Info.plist;
				INFOPLIST_KEY_UIApplicationSceneManifest_Generation = YES;
				INFOPLIST_KEY_UIApplicationSupportsIndirectInputEvents = YES;
				INFOPLIST_KEY_UILaunchScreen_Generation = YES;
				INFOPLIST_KEY_UISupportedInterfaceOrientations_iPad = "UIInterfaceOrientationPortrait UIInterfaceOrientationPortraitUpsideDown UIInterfaceOrientationLandscapeLeft UIInterfaceOrientationLandscapeRight";
				INFOPLIST_KEY_UISupportedInterfaceOrientations_iPhone = "UIInterfaceOrientationPortrait UIInterfaceOrientationLandscapeLeft UIInterfaceOrientationLandscapeRight";
				IPHONEOS_DEPLOYMENT_TARGET = 17.6;
				LD_RUNPATH_SEARCH_PATHS = (
					"$(inherited)",
					"@executable_path/Frameworks",
				);
				MARKETING_VERSION = 1.0;
				PRODUCT_BUNDLE_IDENTIFIER = com.amahy.TVSearch;
				PRODUCT_NAME = "$(TARGET_NAME)";
				SWIFT_EMIT_LOC_STRINGS = YES;
				SWIFT_VERSION = 5.0;
				TARGETED_DEVICE_FAMILY = "1,2";
			};
			name = Debug;
		};
		F8396CB62D09590200FC4040 /* Release */ = {
			isa = XCBuildConfiguration;
			buildSettings = {
				ASSETCATALOG_COMPILER_APPICON_NAME = AppIcon;
				ASSETCATALOG_COMPILER_GLOBAL_ACCENT_COLOR_NAME = AccentColor;
				BASE_URL = "https://api.tvmaze.com/";
				CODE_SIGN_STYLE = Automatic;
				CURRENT_PROJECT_VERSION = 1;
				DEVELOPMENT_ASSET_PATHS = "\"TVSearch/UI/Resources/Preview Content\"";
				DEVELOPMENT_TEAM = 9HKUVL2QGT;
				ENABLE_PREVIEWS = YES;
				GENERATE_INFOPLIST_FILE = YES;
				INFOPLIST_FILE = TVSearch/Info.plist;
				INFOPLIST_KEY_UIApplicationSceneManifest_Generation = YES;
				INFOPLIST_KEY_UIApplicationSupportsIndirectInputEvents = YES;
				INFOPLIST_KEY_UILaunchScreen_Generation = YES;
				INFOPLIST_KEY_UISupportedInterfaceOrientations_iPad = "UIInterfaceOrientationPortrait UIInterfaceOrientationPortraitUpsideDown UIInterfaceOrientationLandscapeLeft UIInterfaceOrientationLandscapeRight";
				INFOPLIST_KEY_UISupportedInterfaceOrientations_iPhone = "UIInterfaceOrientationPortrait UIInterfaceOrientationLandscapeLeft UIInterfaceOrientationLandscapeRight";
				IPHONEOS_DEPLOYMENT_TARGET = 17.6;
				LD_RUNPATH_SEARCH_PATHS = (
					"$(inherited)",
					"@executable_path/Frameworks",
				);
				MARKETING_VERSION = 1.0;
				PRODUCT_BUNDLE_IDENTIFIER = com.amahy.TVSearch;
				PRODUCT_NAME = "$(TARGET_NAME)";
				SWIFT_EMIT_LOC_STRINGS = YES;
				SWIFT_VERSION = 5.0;
				TARGETED_DEVICE_FAMILY = "1,2";
			};
			name = Release;
		};
		F8396CB82D09590200FC4040 /* Debug */ = {
			isa = XCBuildConfiguration;
			buildSettings = {
				BUNDLE_LOADER = "$(TEST_HOST)";
				CODE_SIGN_STYLE = Automatic;
				CURRENT_PROJECT_VERSION = 1;
				DEVELOPMENT_TEAM = 9HKUVL2QGT;
				GENERATE_INFOPLIST_FILE = YES;
				IPHONEOS_DEPLOYMENT_TARGET = 18.0;
				MARKETING_VERSION = 1.0;
				PRODUCT_BUNDLE_IDENTIFIER = com.amahy.TVSearchTests;
				PRODUCT_NAME = "$(TARGET_NAME)";
				SWIFT_EMIT_LOC_STRINGS = NO;
				SWIFT_VERSION = 5.0;
				TARGETED_DEVICE_FAMILY = "1,2";
				TEST_HOST = "$(BUILT_PRODUCTS_DIR)/TVSearch.app/$(BUNDLE_EXECUTABLE_FOLDER_PATH)/TVSearch";
			};
			name = Debug;
		};
		F8396CB92D09590200FC4040 /* Release */ = {
			isa = XCBuildConfiguration;
			buildSettings = {
				BUNDLE_LOADER = "$(TEST_HOST)";
				CODE_SIGN_STYLE = Automatic;
				CURRENT_PROJECT_VERSION = 1;
				DEVELOPMENT_TEAM = 9HKUVL2QGT;
				GENERATE_INFOPLIST_FILE = YES;
				IPHONEOS_DEPLOYMENT_TARGET = 18.0;
				MARKETING_VERSION = 1.0;
				PRODUCT_BUNDLE_IDENTIFIER = com.amahy.TVSearchTests;
				PRODUCT_NAME = "$(TARGET_NAME)";
				SWIFT_EMIT_LOC_STRINGS = NO;
				SWIFT_VERSION = 5.0;
				TARGETED_DEVICE_FAMILY = "1,2";
				TEST_HOST = "$(BUILT_PRODUCTS_DIR)/TVSearch.app/$(BUNDLE_EXECUTABLE_FOLDER_PATH)/TVSearch";
			};
			name = Release;
		};
		F8396CBB2D09590200FC4040 /* Debug */ = {
			isa = XCBuildConfiguration;
			buildSettings = {
				CODE_SIGN_STYLE = Automatic;
				CURRENT_PROJECT_VERSION = 1;
				DEVELOPMENT_TEAM = 9HKUVL2QGT;
				GENERATE_INFOPLIST_FILE = YES;
				MARKETING_VERSION = 1.0;
				PRODUCT_BUNDLE_IDENTIFIER = com.amahy.TVSearchUITests;
				PRODUCT_NAME = "$(TARGET_NAME)";
				SWIFT_EMIT_LOC_STRINGS = NO;
				SWIFT_VERSION = 5.0;
				TARGETED_DEVICE_FAMILY = "1,2";
				TEST_TARGET_NAME = TVSearch;
			};
			name = Debug;
		};
		F8396CBC2D09590200FC4040 /* Release */ = {
			isa = XCBuildConfiguration;
			buildSettings = {
				CODE_SIGN_STYLE = Automatic;
				CURRENT_PROJECT_VERSION = 1;
				DEVELOPMENT_TEAM = 9HKUVL2QGT;
				GENERATE_INFOPLIST_FILE = YES;
				MARKETING_VERSION = 1.0;
				PRODUCT_BUNDLE_IDENTIFIER = com.amahy.TVSearchUITests;
				PRODUCT_NAME = "$(TARGET_NAME)";
				SWIFT_EMIT_LOC_STRINGS = NO;
				SWIFT_VERSION = 5.0;
				TARGETED_DEVICE_FAMILY = "1,2";
				TEST_TARGET_NAME = TVSearch;
			};
			name = Release;
		};
/* End XCBuildConfiguration section */

/* Begin XCConfigurationList section */
		F8396C862D09590000FC4040 /* Build configuration list for PBXProject "TVSearch" */ = {
			isa = XCConfigurationList;
			buildConfigurations = (
				F8396CB22D09590200FC4040 /* Debug */,
				F8396CB32D09590200FC4040 /* Release */,
			);
			defaultConfigurationIsVisible = 0;
			defaultConfigurationName = Release;
		};
		F8396CB42D09590200FC4040 /* Build configuration list for PBXNativeTarget "TVSearch" */ = {
			isa = XCConfigurationList;
			buildConfigurations = (
				F8396CB52D09590200FC4040 /* Debug */,
				F8396CB62D09590200FC4040 /* Release */,
			);
			defaultConfigurationIsVisible = 0;
			defaultConfigurationName = Release;
		};
		F8396CB72D09590200FC4040 /* Build configuration list for PBXNativeTarget "TVSearchTests" */ = {
			isa = XCConfigurationList;
			buildConfigurations = (
				F8396CB82D09590200FC4040 /* Debug */,
				F8396CB92D09590200FC4040 /* Release */,
			);
			defaultConfigurationIsVisible = 0;
			defaultConfigurationName = Release;
		};
		F8396CBA2D09590200FC4040 /* Build configuration list for PBXNativeTarget "TVSearchUITests" */ = {
			isa = XCConfigurationList;
			buildConfigurations = (
				F8396CBB2D09590200FC4040 /* Debug */,
				F8396CBC2D09590200FC4040 /* Release */,
			);
			defaultConfigurationIsVisible = 0;
			defaultConfigurationName = Release;
		};
/* End XCConfigurationList section */
	};
	rootObject = F8396C832D09590000FC4040 /* Project object */;
}
